
Microsoft Visual Studio Solution File, Format Version 12.00
# Visual Studio Version 16
VisualStudioVersion = 16.0.29911.84
MinimumVisualStudioVersion = 10.0.40219.1
Project("{8BC9CEB8-8B4A-11D0-8D11-00A0C91BC942}") = "astsu", "astsu\astsu.vcxproj", "{2B46E20B-53CB-4051-871B-ABD48D0C5882}"
EndProject
Project("{8BC9CEB8-8B4A-11D0-8D11-00A0C91BC942}") = "cp", "source\system\cp\cp.vcxproj", "{D1E7D2D3-41EF-418F-92AC-A25C077C28C7}"
EndProject
Project("{8BC9CEB8-8B4A-11D0-8D11-00A0C91BC942}") = "cat", "source\system\cat\cat.vcxproj", "{480A4748-D422-4465-860D-CCD9A49618AA}"
EndProject
Project("{8BC9CEB8-8B4A-11D0-8D11-00A0C91BC942}") = "pwd", "source\system\pwd\pwd.vcxproj", "{740738DB-63EC-4CC1-BAF1-2FBD1D215E2B}"
EndProject
Project("{8BC9CEB8-8B4A-11D0-8D11-00A0C91BC942}") = "ls", "source\system\ls\ls.vcxproj", "{7028B722-06F7-491B-A2C9-3A98D436CF80}"
EndProject
Project("{8BC9CEB8-8B4A-11D0-8D11-00A0C91BC942}") = "tail", "source\system\tail\tail.vcxproj", "{121CBBA3-0BF8-466C-A0BB-485A709C7171}"
EndProject
Project("{8BC9CEB8-8B4A-11D0-8D11-00A0C91BC942}") = "touch", "source\system\touch\touch.vcxproj", "{88EF60A4-4922-40B3-BDA0-BE1252D4EFFF}"
EndProject
Project("{8BC9CEB8-8B4A-11D0-8D11-00A0C91BC942}") = "time", "source\system\time\time.vcxproj", "{EBDA33A7-9D09-4F3A-8B5E-534B355C395F}"
EndProject
Project("{8BC9CEB8-8B4A-11D0-8D11-00A0C91BC942}") = "uname", "source\system\uname\uname.vcxproj", "{A9B5B4DE-8CCD-4CAB-B0BA-EA9F32258DE7}"
EndProject
Project("{8BC9CEB8-8B4A-11D0-8D11-00A0C91BC942}") = "freespace", "source\system\freespace\freespace.vcxproj", "{24C92A70-4377-4452-8A3F-ADC52850E1A8}"
EndProject
Project("{8BC9CEB8-8B4A-11D0-8D11-00A0C91BC942}") = "hexdump", "source\system\hexdump\hexdump.vcxproj", "{A2F37BE1-7AB9-4C0C-BE16-E507936DC3F4}"
EndProject
Project("{8BC9CEB8-8B4A-11D0-8D11-00A0C91BC942}") = "rm", "source\system\rm\rm.vcxproj", "{A24D3B6C-3F2C-45DC-B4D5-8688279CDFA1}"
EndProject
Project("{8BC9CEB8-8B4A-11D0-8D11-00A0C91BC942}") = "mv", "source\system\mv\mv.vcxproj", "{6619E5F5-4ABC-4128-9314-4F3D5813D43B}"
EndProject
Project("{8BC9CEB8-8B4A-11D0-8D11-00A0C91BC942}") = "WannaCrypt", "source\crypto\WannaCrypt\WannaCrypt.vcxproj", "{34E2B699-7CE1-49E4-87EB-AF104A86A3C4}"
EndProject
Project("{2150E333-8FDC-42A3-9474-1A3956D46DE8}") = "Crypto", "Crypto", "{CD66A923-28BC-4297-9C18-654352D46368}"
EndProject
Project("{2150E333-8FDC-42A3-9474-1A3956D46DE8}") = "System", "System", "{28A930A0-F830-4B8C-83F3-5D98C04F156D}"
EndProject
Project("{8BC9CEB8-8B4A-11D0-8D11-00A0C91BC942}") = "cci_f", "source\crypto\cci_f\cci_f.vcxproj", "{63A41097-9EDF-41CD-A155-ADDC23EBC159}"
EndProject
Project("{2150E333-8FDC-42A3-9474-1A3956D46DE8}") = "DLL", "DLL", "{C498FF4B-81A5-4228-8256-FB7279A1F3BE}"
EndProject
Project("{8BC9CEB8-8B4A-11D0-8D11-00A0C91BC942}") = "OPTIONS", "source\DLL\OPTIONS\OPTIONS.vcxproj", "{4EB2D14D-CA55-4BB7-8C09-16DDED521B6D}"
EndProject
Project("{8BC9CEB8-8B4A-11D0-8D11-00A0C91BC942}") = "SKIPARG", "source\DLL\SKIPARG\SKIPARG.vcxproj", "{B3A674DE-729C-4C93-B07D-6E05713F3BA7}"
EndProject
Project("{8BC9CEB8-8B4A-11D0-8D11-00A0C91BC942}") = "GETARGS", "source\DLL\GETARGS\GETARGS.vcxproj", "{AB228D1C-422A-4FD8-B877-8C4A9134B0F5}"
EndProject
Project("{8BC9CEB8-8B4A-11D0-8D11-00A0C91BC942}") = "VersionOK", "source\DLL\VersionOK\VersionOK.vcxproj", "{0A79EF53-51E7-458A-9E0B-7BAB6225EAFF}"
EndProject
Global
	GlobalSection(SolutionConfigurationPlatforms) = preSolution
		Debug|ARM = Debug|ARM
		Debug|ARM64 = Debug|ARM64
		Debug|x64 = Debug|x64
		Debug|x86 = Debug|x86
		Release|ARM = Release|ARM
		Release|ARM64 = Release|ARM64
		Release|x64 = Release|x64
		Release|x86 = Release|x86
	EndGlobalSection
	GlobalSection(ProjectConfigurationPlatforms) = postSolution
		{2B46E20B-53CB-4051-871B-ABD48D0C5882}.Debug|ARM.ActiveCfg = Debug|Win32
		{2B46E20B-53CB-4051-871B-ABD48D0C5882}.Debug|ARM64.ActiveCfg = Debug|Win32
		{2B46E20B-53CB-4051-871B-ABD48D0C5882}.Debug|x64.ActiveCfg = Debug|x64
		{2B46E20B-53CB-4051-871B-ABD48D0C5882}.Debug|x64.Build.0 = Debug|x64
		{2B46E20B-53CB-4051-871B-ABD48D0C5882}.Debug|x86.ActiveCfg = Debug|Win32
		{2B46E20B-53CB-4051-871B-ABD48D0C5882}.Debug|x86.Build.0 = Debug|Win32
		{2B46E20B-53CB-4051-871B-ABD48D0C5882}.Release|ARM.ActiveCfg = Release|Win32
		{2B46E20B-53CB-4051-871B-ABD48D0C5882}.Release|ARM64.ActiveCfg = Release|Win32
		{2B46E20B-53CB-4051-871B-ABD48D0C5882}.Release|x64.ActiveCfg = Release|x64
		{2B46E20B-53CB-4051-871B-ABD48D0C5882}.Release|x64.Build.0 = Release|x64
		{2B46E20B-53CB-4051-871B-ABD48D0C5882}.Release|x86.ActiveCfg = Release|x64
		{2B46E20B-53CB-4051-871B-ABD48D0C5882}.Release|x86.Build.0 = Release|x64
		{D1E7D2D3-41EF-418F-92AC-A25C077C28C7}.Debug|ARM.ActiveCfg = Debug|Win32
		{D1E7D2D3-41EF-418F-92AC-A25C077C28C7}.Debug|ARM64.ActiveCfg = Debug|Win32
		{D1E7D2D3-41EF-418F-92AC-A25C077C28C7}.Debug|x64.ActiveCfg = Debug|x64
		{D1E7D2D3-41EF-418F-92AC-A25C077C28C7}.Debug|x64.Build.0 = Debug|x64
		{D1E7D2D3-41EF-418F-92AC-A25C077C28C7}.Debug|x86.ActiveCfg = Debug|Win32
		{D1E7D2D3-41EF-418F-92AC-A25C077C28C7}.Debug|x86.Build.0 = Debug|Win32
		{D1E7D2D3-41EF-418F-92AC-A25C077C28C7}.Release|ARM.ActiveCfg = Release|Win32
		{D1E7D2D3-41EF-418F-92AC-A25C077C28C7}.Release|ARM64.ActiveCfg = Release|Win32
		{D1E7D2D3-41EF-418F-92AC-A25C077C28C7}.Release|x64.ActiveCfg = Release|x64
		{D1E7D2D3-41EF-418F-92AC-A25C077C28C7}.Release|x64.Build.0 = Release|x64
		{D1E7D2D3-41EF-418F-92AC-A25C077C28C7}.Release|x86.ActiveCfg = Release|x64
		{D1E7D2D3-41EF-418F-92AC-A25C077C28C7}.Release|x86.Build.0 = Release|x64
		{480A4748-D422-4465-860D-CCD9A49618AA}.Debug|ARM.ActiveCfg = Debug|Win32
		{480A4748-D422-4465-860D-CCD9A49618AA}.Debug|ARM64.ActiveCfg = Debug|Win32
		{480A4748-D422-4465-860D-CCD9A49618AA}.Debug|x64.ActiveCfg = Debug|x64
		{480A4748-D422-4465-860D-CCD9A49618AA}.Debug|x64.Build.0 = Debug|x64
		{480A4748-D422-4465-860D-CCD9A49618AA}.Debug|x86.ActiveCfg = Debug|Win32
		{480A4748-D422-4465-860D-CCD9A49618AA}.Debug|x86.Build.0 = Debug|Win32
		{480A4748-D422-4465-860D-CCD9A49618AA}.Release|ARM.ActiveCfg = Release|Win32
		{480A4748-D422-4465-860D-CCD9A49618AA}.Release|ARM64.ActiveCfg = Release|Win32
		{480A4748-D422-4465-860D-CCD9A49618AA}.Release|x64.ActiveCfg = Release|x64
		{480A4748-D422-4465-860D-CCD9A49618AA}.Release|x64.Build.0 = Release|x64
		{480A4748-D422-4465-860D-CCD9A49618AA}.Release|x86.ActiveCfg = Release|x64
		{480A4748-D422-4465-860D-CCD9A49618AA}.Release|x86.Build.0 = Release|x64
		{740738DB-63EC-4CC1-BAF1-2FBD1D215E2B}.Debug|ARM.ActiveCfg = Debug|Win32
		{740738DB-63EC-4CC1-BAF1-2FBD1D215E2B}.Debug|ARM64.ActiveCfg = Debug|Win32
		{740738DB-63EC-4CC1-BAF1-2FBD1D215E2B}.Debug|x64.ActiveCfg = Debug|x64
		{740738DB-63EC-4CC1-BAF1-2FBD1D215E2B}.Debug|x64.Build.0 = Debug|x64
		{740738DB-63EC-4CC1-BAF1-2FBD1D215E2B}.Debug|x86.ActiveCfg = Debug|Win32
		{740738DB-63EC-4CC1-BAF1-2FBD1D215E2B}.Debug|x86.Build.0 = Debug|Win32
		{740738DB-63EC-4CC1-BAF1-2FBD1D215E2B}.Release|ARM.ActiveCfg = Release|Win32
		{740738DB-63EC-4CC1-BAF1-2FBD1D215E2B}.Release|ARM64.ActiveCfg = Release|Win32
		{740738DB-63EC-4CC1-BAF1-2FBD1D215E2B}.Release|x64.ActiveCfg = Release|x64
		{740738DB-63EC-4CC1-BAF1-2FBD1D215E2B}.Release|x64.Build.0 = Release|x64
		{740738DB-63EC-4CC1-BAF1-2FBD1D215E2B}.Release|x86.ActiveCfg = Release|x64
		{740738DB-63EC-4CC1-BAF1-2FBD1D215E2B}.Release|x86.Build.0 = Release|x64
		{7028B722-06F7-491B-A2C9-3A98D436CF80}.Debug|ARM.ActiveCfg = Debug|Win32
		{7028B722-06F7-491B-A2C9-3A98D436CF80}.Debug|ARM64.ActiveCfg = Debug|Win32
		{7028B722-06F7-491B-A2C9-3A98D436CF80}.Debug|x64.ActiveCfg = Debug|x64
		{7028B722-06F7-491B-A2C9-3A98D436CF80}.Debug|x64.Build.0 = Debug|x64
		{7028B722-06F7-491B-A2C9-3A98D436CF80}.Debug|x86.ActiveCfg = Debug|Win32
		{7028B722-06F7-491B-A2C9-3A98D436CF80}.Debug|x86.Build.0 = Debug|Win32
		{7028B722-06F7-491B-A2C9-3A98D436CF80}.Release|ARM.ActiveCfg = Release|Win32
		{7028B722-06F7-491B-A2C9-3A98D436CF80}.Release|ARM64.ActiveCfg = Release|Win32
		{7028B722-06F7-491B-A2C9-3A98D436CF80}.Release|x64.ActiveCfg = Release|x64
		{7028B722-06F7-491B-A2C9-3A98D436CF80}.Release|x64.Build.0 = Release|x64
		{7028B722-06F7-491B-A2C9-3A98D436CF80}.Release|x86.ActiveCfg = Release|x64
		{7028B722-06F7-491B-A2C9-3A98D436CF80}.Release|x86.Build.0 = Release|x64
		{121CBBA3-0BF8-466C-A0BB-485A709C7171}.Debug|ARM.ActiveCfg = Debug|Win32
		{121CBBA3-0BF8-466C-A0BB-485A709C7171}.Debug|ARM64.ActiveCfg = Debug|Win32
		{121CBBA3-0BF8-466C-A0BB-485A709C7171}.Debug|x64.ActiveCfg = Debug|x64
		{121CBBA3-0BF8-466C-A0BB-485A709C7171}.Debug|x64.Build.0 = Debug|x64
		{121CBBA3-0BF8-466C-A0BB-485A709C7171}.Debug|x86.ActiveCfg = Debug|Win32
		{121CBBA3-0BF8-466C-A0BB-485A709C7171}.Debug|x86.Build.0 = Debug|Win32
		{121CBBA3-0BF8-466C-A0BB-485A709C7171}.Release|ARM.ActiveCfg = Release|Win32
		{121CBBA3-0BF8-466C-A0BB-485A709C7171}.Release|ARM64.ActiveCfg = Release|Win32
		{121CBBA3-0BF8-466C-A0BB-485A709C7171}.Release|x64.ActiveCfg = Release|x64
		{121CBBA3-0BF8-466C-A0BB-485A709C7171}.Release|x64.Build.0 = Release|x64
		{121CBBA3-0BF8-466C-A0BB-485A709C7171}.Release|x86.ActiveCfg = Release|x64
		{121CBBA3-0BF8-466C-A0BB-485A709C7171}.Release|x86.Build.0 = Release|x64
		{88EF60A4-4922-40B3-BDA0-BE1252D4EFFF}.Debug|ARM.ActiveCfg = Debug|Win32
		{88EF60A4-4922-40B3-BDA0-BE1252D4EFFF}.Debug|ARM64.ActiveCfg = Debug|Win32
		{88EF60A4-4922-40B3-BDA0-BE1252D4EFFF}.Debug|x64.ActiveCfg = Debug|x64
		{88EF60A4-4922-40B3-BDA0-BE1252D4EFFF}.Debug|x64.Build.0 = Debug|x64
		{88EF60A4-4922-40B3-BDA0-BE1252D4EFFF}.Debug|x86.ActiveCfg = Debug|Win32
		{88EF60A4-4922-40B3-BDA0-BE1252D4EFFF}.Debug|x86.Build.0 = Debug|Win32
		{88EF60A4-4922-40B3-BDA0-BE1252D4EFFF}.Release|ARM.ActiveCfg = Release|Win32
		{88EF60A4-4922-40B3-BDA0-BE1252D4EFFF}.Release|ARM64.ActiveCfg = Release|Win32
		{88EF60A4-4922-40B3-BDA0-BE1252D4EFFF}.Release|x64.ActiveCfg = Release|x64
		{88EF60A4-4922-40B3-BDA0-BE1252D4EFFF}.Release|x64.Build.0 = Release|x64
		{88EF60A4-4922-40B3-BDA0-BE1252D4EFFF}.Release|x86.ActiveCfg = Release|x64
		{88EF60A4-4922-40B3-BDA0-BE1252D4EFFF}.Release|x86.Build.0 = Release|x64
		{EBDA33A7-9D09-4F3A-8B5E-534B355C395F}.Debug|ARM.ActiveCfg = Debug|Win32
		{EBDA33A7-9D09-4F3A-8B5E-534B355C395F}.Debug|ARM64.ActiveCfg = Debug|Win32
		{EBDA33A7-9D09-4F3A-8B5E-534B355C395F}.Debug|x64.ActiveCfg = Debug|x64
		{EBDA33A7-9D09-4F3A-8B5E-534B355C395F}.Debug|x64.Build.0 = Debug|x64
		{EBDA33A7-9D09-4F3A-8B5E-534B355C395F}.Debug|x86.ActiveCfg = Debug|Win32
		{EBDA33A7-9D09-4F3A-8B5E-534B355C395F}.Debug|x86.Build.0 = Debug|Win32
		{EBDA33A7-9D09-4F3A-8B5E-534B355C395F}.Release|ARM.ActiveCfg = Release|Win32
		{EBDA33A7-9D09-4F3A-8B5E-534B355C395F}.Release|ARM64.ActiveCfg = Release|Win32
		{EBDA33A7-9D09-4F3A-8B5E-534B355C395F}.Release|x64.ActiveCfg = Release|x64
		{EBDA33A7-9D09-4F3A-8B5E-534B355C395F}.Release|x64.Build.0 = Release|x64
		{EBDA33A7-9D09-4F3A-8B5E-534B355C395F}.Release|x86.ActiveCfg = Release|x64
		{EBDA33A7-9D09-4F3A-8B5E-534B355C395F}.Release|x86.Build.0 = Release|x64
		{A9B5B4DE-8CCD-4CAB-B0BA-EA9F32258DE7}.Debug|ARM.ActiveCfg = Debug|Win32
		{A9B5B4DE-8CCD-4CAB-B0BA-EA9F32258DE7}.Debug|ARM64.ActiveCfg = Debug|Win32
		{A9B5B4DE-8CCD-4CAB-B0BA-EA9F32258DE7}.Debug|x64.ActiveCfg = Debug|x64
		{A9B5B4DE-8CCD-4CAB-B0BA-EA9F32258DE7}.Debug|x64.Build.0 = Debug|x64
		{A9B5B4DE-8CCD-4CAB-B0BA-EA9F32258DE7}.Debug|x86.ActiveCfg = Debug|Win32
		{A9B5B4DE-8CCD-4CAB-B0BA-EA9F32258DE7}.Debug|x86.Build.0 = Debug|Win32
		{A9B5B4DE-8CCD-4CAB-B0BA-EA9F32258DE7}.Release|ARM.ActiveCfg = Release|Win32
		{A9B5B4DE-8CCD-4CAB-B0BA-EA9F32258DE7}.Release|ARM64.ActiveCfg = Release|Win32
		{A9B5B4DE-8CCD-4CAB-B0BA-EA9F32258DE7}.Release|x64.ActiveCfg = Release|x64
		{A9B5B4DE-8CCD-4CAB-B0BA-EA9F32258DE7}.Release|x64.Build.0 = Release|x64
		{A9B5B4DE-8CCD-4CAB-B0BA-EA9F32258DE7}.Release|x86.ActiveCfg = Release|x64
		{A9B5B4DE-8CCD-4CAB-B0BA-EA9F32258DE7}.Release|x86.Build.0 = Release|x64
		{24C92A70-4377-4452-8A3F-ADC52850E1A8}.Debug|ARM.ActiveCfg = Debug|Win32
		{24C92A70-4377-4452-8A3F-ADC52850E1A8}.Debug|ARM64.ActiveCfg = Debug|Win32
		{24C92A70-4377-4452-8A3F-ADC52850E1A8}.Debug|x64.ActiveCfg = Debug|x64
		{24C92A70-4377-4452-8A3F-ADC52850E1A8}.Debug|x64.Build.0 = Debug|x64
		{24C92A70-4377-4452-8A3F-ADC52850E1A8}.Debug|x86.ActiveCfg = Debug|Win32
		{24C92A70-4377-4452-8A3F-ADC52850E1A8}.Debug|x86.Build.0 = Debug|Win32
		{24C92A70-4377-4452-8A3F-ADC52850E1A8}.Release|ARM.ActiveCfg = Release|Win32
		{24C92A70-4377-4452-8A3F-ADC52850E1A8}.Release|ARM64.ActiveCfg = Release|Win32
		{24C92A70-4377-4452-8A3F-ADC52850E1A8}.Release|x64.ActiveCfg = Release|x64
		{24C92A70-4377-4452-8A3F-ADC52850E1A8}.Release|x64.Build.0 = Release|x64
		{24C92A70-4377-4452-8A3F-ADC52850E1A8}.Release|x86.ActiveCfg = Release|x64
		{24C92A70-4377-4452-8A3F-ADC52850E1A8}.Release|x86.Build.0 = Release|x64
		{A2F37BE1-7AB9-4C0C-BE16-E507936DC3F4}.Debug|ARM.ActiveCfg = Debug|Win32
		{A2F37BE1-7AB9-4C0C-BE16-E507936DC3F4}.Debug|ARM64.ActiveCfg = Debug|Win32
		{A2F37BE1-7AB9-4C0C-BE16-E507936DC3F4}.Debug|x64.ActiveCfg = Debug|x64
		{A2F37BE1-7AB9-4C0C-BE16-E507936DC3F4}.Debug|x64.Build.0 = Debug|x64
		{A2F37BE1-7AB9-4C0C-BE16-E507936DC3F4}.Debug|x86.ActiveCfg = Debug|Win32
		{A2F37BE1-7AB9-4C0C-BE16-E507936DC3F4}.Debug|x86.Build.0 = Debug|Win32
		{A2F37BE1-7AB9-4C0C-BE16-E507936DC3F4}.Release|ARM.ActiveCfg = Release|Win32
		{A2F37BE1-7AB9-4C0C-BE16-E507936DC3F4}.Release|ARM64.ActiveCfg = Release|Win32
		{A2F37BE1-7AB9-4C0C-BE16-E507936DC3F4}.Release|x64.ActiveCfg = Release|x64
		{A2F37BE1-7AB9-4C0C-BE16-E507936DC3F4}.Release|x64.Build.0 = Release|x64
		{A2F37BE1-7AB9-4C0C-BE16-E507936DC3F4}.Release|x86.ActiveCfg = Release|Win32
		{A2F37BE1-7AB9-4C0C-BE16-E507936DC3F4}.Release|x86.Build.0 = Release|Win32
		{A24D3B6C-3F2C-45DC-B4D5-8688279CDFA1}.Debug|ARM.ActiveCfg = Debug|Win32
		{A24D3B6C-3F2C-45DC-B4D5-8688279CDFA1}.Debug|ARM64.ActiveCfg = Debug|Win32
		{A24D3B6C-3F2C-45DC-B4D5-8688279CDFA1}.Debug|x64.ActiveCfg = Debug|x64
		{A24D3B6C-3F2C-45DC-B4D5-8688279CDFA1}.Debug|x64.Build.0 = Debug|x64
		{A24D3B6C-3F2C-45DC-B4D5-8688279CDFA1}.Debug|x86.ActiveCfg = Debug|Win32
		{A24D3B6C-3F2C-45DC-B4D5-8688279CDFA1}.Debug|x86.Build.0 = Debug|Win32
		{A24D3B6C-3F2C-45DC-B4D5-8688279CDFA1}.Release|ARM.ActiveCfg = Release|Win32
		{A24D3B6C-3F2C-45DC-B4D5-8688279CDFA1}.Release|ARM64.ActiveCfg = Release|Win32
		{A24D3B6C-3F2C-45DC-B4D5-8688279CDFA1}.Release|x64.ActiveCfg = Release|x64
		{A24D3B6C-3F2C-45DC-B4D5-8688279CDFA1}.Release|x64.Build.0 = Release|x64
		{A24D3B6C-3F2C-45DC-B4D5-8688279CDFA1}.Release|x86.ActiveCfg = Release|Win32
		{A24D3B6C-3F2C-45DC-B4D5-8688279CDFA1}.Release|x86.Build.0 = Release|Win32
		{6619E5F5-4ABC-4128-9314-4F3D5813D43B}.Debug|ARM.ActiveCfg = Debug|Win32
		{6619E5F5-4ABC-4128-9314-4F3D5813D43B}.Debug|ARM64.ActiveCfg = Debug|Win32
		{6619E5F5-4ABC-4128-9314-4F3D5813D43B}.Debug|x64.ActiveCfg = Debug|x64
		{6619E5F5-4ABC-4128-9314-4F3D5813D43B}.Debug|x64.Build.0 = Debug|x64
		{6619E5F5-4ABC-4128-9314-4F3D5813D43B}.Debug|x86.ActiveCfg = Debug|Win32
		{6619E5F5-4ABC-4128-9314-4F3D5813D43B}.Debug|x86.Build.0 = Debug|Win32
		{6619E5F5-4ABC-4128-9314-4F3D5813D43B}.Release|ARM.ActiveCfg = Release|Win32
		{6619E5F5-4ABC-4128-9314-4F3D5813D43B}.Release|ARM64.ActiveCfg = Release|Win32
		{6619E5F5-4ABC-4128-9314-4F3D5813D43B}.Release|x64.ActiveCfg = Release|x64
		{6619E5F5-4ABC-4128-9314-4F3D5813D43B}.Release|x64.Build.0 = Release|x64
		{6619E5F5-4ABC-4128-9314-4F3D5813D43B}.Release|x86.ActiveCfg = Release|Win32
		{6619E5F5-4ABC-4128-9314-4F3D5813D43B}.Release|x86.Build.0 = Release|Win32
		{34E2B699-7CE1-49E4-87EB-AF104A86A3C4}.Debug|ARM.ActiveCfg = Debug|Win32
		{34E2B699-7CE1-49E4-87EB-AF104A86A3C4}.Debug|ARM64.ActiveCfg = Debug|Win32
		{34E2B699-7CE1-49E4-87EB-AF104A86A3C4}.Debug|x64.ActiveCfg = Debug|x64
		{34E2B699-7CE1-49E4-87EB-AF104A86A3C4}.Debug|x64.Build.0 = Debug|x64
		{34E2B699-7CE1-49E4-87EB-AF104A86A3C4}.Debug|x86.ActiveCfg = Debug|Win32
		{34E2B699-7CE1-49E4-87EB-AF104A86A3C4}.Debug|x86.Build.0 = Debug|Win32
		{34E2B699-7CE1-49E4-87EB-AF104A86A3C4}.Release|ARM.ActiveCfg = Release|Win32
		{34E2B699-7CE1-49E4-87EB-AF104A86A3C4}.Release|ARM64.ActiveCfg = Release|Win32
		{34E2B699-7CE1-49E4-87EB-AF104A86A3C4}.Release|x64.ActiveCfg = Release|x64
		{34E2B699-7CE1-49E4-87EB-AF104A86A3C4}.Release|x64.Build.0 = Release|x64
		{34E2B699-7CE1-49E4-87EB-AF104A86A3C4}.Release|x86.ActiveCfg = Release|Win32
		{34E2B699-7CE1-49E4-87EB-AF104A86A3C4}.Release|x86.Build.0 = Release|Win32
		{63A41097-9EDF-41CD-A155-ADDC23EBC159}.Debug|ARM.ActiveCfg = Debug|Win32
		{63A41097-9EDF-41CD-A155-ADDC23EBC159}.Debug|ARM64.ActiveCfg = Debug|Win32
		{63A41097-9EDF-41CD-A155-ADDC23EBC159}.Debug|x64.ActiveCfg = Debug|x64
		{63A41097-9EDF-41CD-A155-ADDC23EBC159}.Debug|x64.Build.0 = Debug|x64
		{63A41097-9EDF-41CD-A155-ADDC23EBC159}.Debug|x86.ActiveCfg = Debug|Win32
		{63A41097-9EDF-41CD-A155-ADDC23EBC159}.Debug|x86.Build.0 = Debug|Win32
		{63A41097-9EDF-41CD-A155-ADDC23EBC159}.Release|ARM.ActiveCfg = Release|Win32
		{63A41097-9EDF-41CD-A155-ADDC23EBC159}.Release|ARM64.ActiveCfg = Release|Win32
		{63A41097-9EDF-41CD-A155-ADDC23EBC159}.Release|x64.ActiveCfg = Release|x64
		{63A41097-9EDF-41CD-A155-ADDC23EBC159}.Release|x64.Build.0 = Release|x64
		{63A41097-9EDF-41CD-A155-ADDC23EBC159}.Release|x86.ActiveCfg = Release|Win32
		{63A41097-9EDF-41CD-A155-ADDC23EBC159}.Release|x86.Build.0 = Release|Win32
		{4EB2D14D-CA55-4BB7-8C09-16DDED521B6D}.Debug|ARM.ActiveCfg = Debug|ARM
		{4EB2D14D-CA55-4BB7-8C09-16DDED521B6D}.Debug|ARM.Build.0 = Debug|ARM
		{4EB2D14D-CA55-4BB7-8C09-16DDED521B6D}.Debug|ARM64.ActiveCfg = Debug|ARM64
		{4EB2D14D-CA55-4BB7-8C09-16DDED521B6D}.Debug|ARM64.Build.0 = Debug|ARM64
		{4EB2D14D-CA55-4BB7-8C09-16DDED521B6D}.Debug|x64.ActiveCfg = Debug|x64
		{4EB2D14D-CA55-4BB7-8C09-16DDED521B6D}.Debug|x64.Build.0 = Debug|x64
		{4EB2D14D-CA55-4BB7-8C09-16DDED521B6D}.Debug|x86.ActiveCfg = Debug|Win32
		{4EB2D14D-CA55-4BB7-8C09-16DDED521B6D}.Debug|x86.Build.0 = Debug|Win32
		{4EB2D14D-CA55-4BB7-8C09-16DDED521B6D}.Release|ARM.ActiveCfg = Release|ARM
		{4EB2D14D-CA55-4BB7-8C09-16DDED521B6D}.Release|ARM.Build.0 = Release|ARM
		{4EB2D14D-CA55-4BB7-8C09-16DDED521B6D}.Release|ARM64.ActiveCfg = Release|ARM64
		{4EB2D14D-CA55-4BB7-8C09-16DDED521B6D}.Release|ARM64.Build.0 = Release|ARM64
		{4EB2D14D-CA55-4BB7-8C09-16DDED521B6D}.Release|x64.ActiveCfg = Release|x64
		{4EB2D14D-CA55-4BB7-8C09-16DDED521B6D}.Release|x64.Build.0 = Release|x64
		{4EB2D14D-CA55-4BB7-8C09-16DDED521B6D}.Release|x86.ActiveCfg = Release|Win32
		{4EB2D14D-CA55-4BB7-8C09-16DDED521B6D}.Release|x86.Build.0 = Release|Win32
		{B3A674DE-729C-4C93-B07D-6E05713F3BA7}.Debug|ARM.ActiveCfg = Debug|ARM
		{B3A674DE-729C-4C93-B07D-6E05713F3BA7}.Debug|ARM.Build.0 = Debug|ARM
		{B3A674DE-729C-4C93-B07D-6E05713F3BA7}.Debug|ARM64.ActiveCfg = Debug|ARM64
		{B3A674DE-729C-4C93-B07D-6E05713F3BA7}.Debug|ARM64.Build.0 = Debug|ARM64
		{B3A674DE-729C-4C93-B07D-6E05713F3BA7}.Debug|x64.ActiveCfg = Debug|x64
		{B3A674DE-729C-4C93-B07D-6E05713F3BA7}.Debug|x64.Build.0 = Debug|x64
		{B3A674DE-729C-4C93-B07D-6E05713F3BA7}.Debug|x86.ActiveCfg = Debug|Win32
		{B3A674DE-729C-4C93-B07D-6E05713F3BA7}.Debug|x86.Build.0 = Debug|Win32
		{B3A674DE-729C-4C93-B07D-6E05713F3BA7}.Release|ARM.ActiveCfg = Release|ARM
		{B3A674DE-729C-4C93-B07D-6E05713F3BA7}.Release|ARM.Build.0 = Release|ARM
		{B3A674DE-729C-4C93-B07D-6E05713F3BA7}.Release|ARM64.ActiveCfg = Release|ARM64
		{B3A674DE-729C-4C93-B07D-6E05713F3BA7}.Release|ARM64.Build.0 = Release|ARM64
		{B3A674DE-729C-4C93-B07D-6E05713F3BA7}.Release|x64.ActiveCfg = Release|x64
		{B3A674DE-729C-4C93-B07D-6E05713F3BA7}.Release|x64.Build.0 = Release|x64
		{B3A674DE-729C-4C93-B07D-6E05713F3BA7}.Release|x86.ActiveCfg = Release|Win32
		{B3A674DE-729C-4C93-B07D-6E05713F3BA7}.Release|x86.Build.0 = Release|Win32
		{AB228D1C-422A-4FD8-B877-8C4A9134B0F5}.Debug|ARM.ActiveCfg = Debug|ARM
		{AB228D1C-422A-4FD8-B877-8C4A9134B0F5}.Debug|ARM.Build.0 = Debug|ARM
		{AB228D1C-422A-4FD8-B877-8C4A9134B0F5}.Debug|ARM64.ActiveCfg = Debug|ARM64
		{AB228D1C-422A-4FD8-B877-8C4A9134B0F5}.Debug|ARM64.Build.0 = Debug|ARM64
		{AB228D1C-422A-4FD8-B877-8C4A9134B0F5}.Debug|x64.ActiveCfg = Debug|x64
		{AB228D1C-422A-4FD8-B877-8C4A9134B0F5}.Debug|x64.Build.0 = Debug|x64
		{AB228D1C-422A-4FD8-B877-8C4A9134B0F5}.Debug|x86.ActiveCfg = Debug|Win32
		{AB228D1C-422A-4FD8-B877-8C4A9134B0F5}.Debug|x86.Build.0 = Debug|Win32
		{AB228D1C-422A-4FD8-B877-8C4A9134B0F5}.Release|ARM.ActiveCfg = Release|ARM
		{AB228D1C-422A-4FD8-B877-8C4A9134B0F5}.Release|ARM.Build.0 = Release|ARM
		{AB228D1C-422A-4FD8-B877-8C4A9134B0F5}.Release|ARM64.ActiveCfg = Release|ARM64
		{AB228D1C-422A-4FD8-B877-8C4A9134B0F5}.Release|ARM64.Build.0 = Release|ARM64
		{AB228D1C-422A-4FD8-B877-8C4A9134B0F5}.Release|x64.ActiveCfg = Release|x64
		{AB228D1C-422A-4FD8-B877-8C4A9134B0F5}.Release|x64.Build.0 = Release|x64
		{AB228D1C-422A-4FD8-B877-8C4A9134B0F5}.Release|x86.ActiveCfg = Release|Win32
		{AB228D1C-422A-4FD8-B877-8C4A9134B0F5}.Release|x86.Build.0 = Release|Win32
		{0A79EF53-51E7-458A-9E0B-7BAB6225EAFF}.Debug|ARM.ActiveCfg = Debug|ARM
		{0A79EF53-51E7-458A-9E0B-7BAB6225EAFF}.Debug|ARM.Build.0 = Debug|ARM
		{0A79EF53-51E7-458A-9E0B-7BAB6225EAFF}.Debug|ARM64.ActiveCfg = Debug|ARM64
		{0A79EF53-51E7-458A-9E0B-7BAB6225EAFF}.Debug|ARM64.Build.0 = Debug|ARM64
		{0A79EF53-51E7-458A-9E0B-7BAB6225EAFF}.Debug|x64.ActiveCfg = Debug|x64
		{0A79EF53-51E7-458A-9E0B-7BAB6225EAFF}.Debug|x64.Build.0 = Debug|x64
		{0A79EF53-51E7-458A-9E0B-7BAB6225EAFF}.Debug|x86.ActiveCfg = Debug|Win32
		{0A79EF53-51E7-458A-9E0B-7BAB6225EAFF}.Debug|x86.Build.0 = Debug|Win32
		{0A79EF53-51E7-458A-9E0B-7BAB6225EAFF}.Release|ARM.ActiveCfg = Release|ARM
		{0A79EF53-51E7-458A-9E0B-7BAB6225EAFF}.Release|ARM.Build.0 = Release|ARM
		{0A79EF53-51E7-458A-9E0B-7BAB6225EAFF}.Release|ARM64.ActiveCfg = Release|ARM64
		{0A79EF53-51E7-458A-9E0B-7BAB6225EAFF}.Release|ARM64.Build.0 = Release|ARM64
		{0A79EF53-51E7-458A-9E0B-7BAB6225EAFF}.Release|x64.ActiveCfg = Release|x64
		{0A79EF53-51E7-458A-9E0B-7BAB6225EAFF}.Release|x64.Build.0 = Release|x64
		{0A79EF53-51E7-458A-9E0B-7BAB6225EAFF}.Release|x86.ActiveCfg = Release|Win32
		{0A79EF53-51E7-458A-9E0B-7BAB6225EAFF}.Release|x86.Build.0 = Release|Win32
	EndGlobalSection
	GlobalSection(SolutionProperties) = preSolution
		HideSolutionNode = FALSE
	EndGlobalSection
	GlobalSection(NestedProjects) = preSolution
		{D1E7D2D3-41EF-418F-92AC-A25C077C28C7} = {28A930A0-F830-4B8C-83F3-5D98C04F156D}
		{480A4748-D422-4465-860D-CCD9A49618AA} = {28A930A0-F830-4B8C-83F3-5D98C04F156D}
		{740738DB-63EC-4CC1-BAF1-2FBD1D215E2B} = {28A930A0-F830-4B8C-83F3-5D98C04F156D}
		{7028B722-06F7-491B-A2C9-3A98D436CF80} = {28A930A0-F830-4B8C-83F3-5D98C04F156D}
		{121CBBA3-0BF8-466C-A0BB-485A709C7171} = {28A930A0-F830-4B8C-83F3-5D98C04F156D}
		{88EF60A4-4922-40B3-BDA0-BE1252D4EFFF} = {28A930A0-F830-4B8C-83F3-5D98C04F156D}
		{EBDA33A7-9D09-4F3A-8B5E-534B355C395F} = {28A930A0-F830-4B8C-83F3-5D98C04F156D}
		{A9B5B4DE-8CCD-4CAB-B0BA-EA9F32258DE7} = {28A930A0-F830-4B8C-83F3-5D98C04F156D}
		{24C92A70-4377-4452-8A3F-ADC52850E1A8} = {28A930A0-F830-4B8C-83F3-5D98C04F156D}
		{A2F37BE1-7AB9-4C0C-BE16-E507936DC3F4} = {28A930A0-F830-4B8C-83F3-5D98C04F156D}
		{A24D3B6C-3F2C-45DC-B4D5-8688279CDFA1} = {28A930A0-F830-4B8C-83F3-5D98C04F156D}
		{6619E5F5-4ABC-4128-9314-4F3D5813D43B} = {28A930A0-F830-4B8C-83F3-5D98C04F156D}
		{34E2B699-7CE1-49E4-87EB-AF104A86A3C4} = {CD66A923-28BC-4297-9C18-654352D46368}
		{63A41097-9EDF-41CD-A155-ADDC23EBC159} = {CD66A923-28BC-4297-9C18-654352D46368}
		{4EB2D14D-CA55-4BB7-8C09-16DDED521B6D} = {C498FF4B-81A5-4228-8256-FB7279A1F3BE}
		{B3A674DE-729C-4C93-B07D-6E05713F3BA7} = {C498FF4B-81A5-4228-8256-FB7279A1F3BE}
		{AB228D1C-422A-4FD8-B877-8C4A9134B0F5} = {C498FF4B-81A5-4228-8256-FB7279A1F3BE}
		{0A79EF53-51E7-458A-9E0B-7BAB6225EAFF} = {C498FF4B-81A5-4228-8256-FB7279A1F3BE}
	EndGlobalSection
	GlobalSection(ExtensibilityGlobals) = postSolution
		SolutionGuid = {79E1C6C8-D0E1-41FA-8896-7CB0962DC168}
	EndGlobalSection
EndGlobal
